
Microsoft Visual Studio Solution File, Format Version 12.00
# Visual Studio Version 16
VisualStudioVersion = 16.0.29025.244
MinimumVisualStudioVersion = 10.0.40219.1
Project("{FAE04EC0-301F-11D3-BF4B-00C04F79EFBC}") = "QYWeixinHelper", "QYWeixinHelper\QYWeixinHelper.csproj", "{F6910775-4265-4631-80C4-1D2F3CD80A3C}"
EndProject
Global
	GlobalSection(SolutionConfigurationPlatforms) = preSolution
		Debug|Any CPU = Debug|Any CPU
		Release|Any CPU = Release|Any CPU
	EndGlobalSection
	GlobalSection(ProjectConfigurationPlatforms) = postSolution
		{F6910775-4265-4631-80C4-1D2F3CD80A3C}.Debug|Any CPU.ActiveCfg = Debug|Any CPU
		{F6910775-4265-4631-80C4-1D2F3CD80A3C}.Debug|Any CPU.Build.0 = Debug|Any CPU
		{F6910775-4265-4631-80C4-1D2F3CD80A3C}.Release|Any CPU.ActiveCfg = Release|Any CPU
		{F6910775-4265-4631-80C4-1D2F3CD80A3C}.Release|Any CPU.Build.0 = Release|Any CPU
	EndGlobalSection
	GlobalSection(SolutionProperties) = preSolution
		HideSolutionNode = FALSE
	EndGlobalSection
	GlobalSection(ExtensibilityGlobals) = postSolution
		SolutionGuid = {058226E4-4BE0-4C62-B2EE-879A4AB01AE6}
	EndGlobalSection
EndGlobal
